
Microsoft Visual Studio Solution File, Format Version 12.00
# Visual Studio Version 16
VisualStudioVersion = 16.0.32002.261
MinimumVisualStudioVersion = 10.0.40219.1
Project("{FAE04EC0-301F-11D3-BF4B-00C04F79EFBC}") = "SalonWpf", "SalonWpf\SalonWpf.csproj", "{A113F566-A479-4D53-B499-84F080B790B4}"
EndProject
Global
	GlobalSection(SolutionConfigurationPlatforms) = preSolution
		Debug|Any CPU = Debug|Any CPU
		Release|Any CPU = Release|Any CPU
	EndGlobalSection
	GlobalSection(ProjectConfigurationPlatforms) = postSolution
		{A113F566-A479-4D53-B499-84F080B790B4}.Debug|Any CPU.ActiveCfg = Debug|Any CPU
		{A113F566-A479-4D53-B499-84F080B790B4}.Debug|Any CPU.Build.0 = Debug|Any CPU
		{A113F566-A479-4D53-B499-84F080B790B4}.Release|Any CPU.ActiveCfg = Release|Any CPU
		{A113F566-A479-4D53-B499-84F080B790B4}.Release|Any CPU.Build.0 = Release|Any CPU
	EndGlobalSection
	GlobalSection(SolutionProperties) = preSolution
		HideSolutionNode = FALSE
	EndGlobalSection
	GlobalSection(ExtensibilityGlobals) = postSolution
		SolutionGuid = {23A18778-CFF4-48EC-8140-FC824D59977B}
	EndGlobalSection
EndGlobal
